
Microsoft Visual Studio Solution File, Format Version 12.00
# Visual Studio Version 16
VisualStudioVersion = 16.0.31205.134
MinimumVisualStudioVersion = 10.0.40219.1
Project("{FAE04EC0-301F-11D3-BF4B-00C04F79EFBC}") = "VendingMachineDemo", "VendingMachineDemo\VendingMachineDemo.csproj", "{B078F925-196C-4149-982F-5463E29AAD53}"
EndProject
Global
	GlobalSection(SolutionConfigurationPlatforms) = preSolution
		Debug|Any CPU = Debug|Any CPU
		Release|Any CPU = Release|Any CPU
	EndGlobalSection
	GlobalSection(ProjectConfigurationPlatforms) = postSolution
		{B078F925-196C-4149-982F-5463E29AAD53}.Debug|Any CPU.ActiveCfg = Debug|Any CPU
		{B078F925-196C-4149-982F-5463E29AAD53}.Debug|Any CPU.Build.0 = Debug|Any CPU
		{B078F925-196C-4149-982F-5463E29AAD53}.Release|Any CPU.ActiveCfg = Release|Any CPU
		{B078F925-196C-4149-982F-5463E29AAD53}.Release|Any CPU.Build.0 = Release|Any CPU
	EndGlobalSection
	GlobalSection(SolutionProperties) = preSolution
		HideSolutionNode = FALSE
	EndGlobalSection
	GlobalSection(ExtensibilityGlobals) = postSolution
		SolutionGuid = {061ECE1D-9A5A-40C6-B3C4-596BDAE792EB}
	EndGlobalSection
EndGlobal
